
Microsoft Visual Studio Solution File, Format Version 12.00
# Visual Studio Version 17
VisualStudioVersion = 17.6.33801.468
MinimumVisualStudioVersion = 10.0.40219.1
Project("{9A19103F-16F7-4668-BE54-9A1E7A4F7556}") = "MeteoWebApp.Server", "MeteoWebApp\Server\MeteoWebApp.Server.csproj", "{AAC1585D-D3DE-41E9-A167-ECBBC3BAB83B}"
EndProject
Project("{9A19103F-16F7-4668-BE54-9A1E7A4F7556}") = "MeteoWebApp.Client", "MeteoWebApp\Client\MeteoWebApp.Client.csproj", "{744429E1-6269-499B-B2C6-F7D5F3F412F2}"
EndProject
Project("{9A19103F-16F7-4668-BE54-9A1E7A4F7556}") = "MeteoWebApp.Shared", "MeteoWebApp\Shared\MeteoWebApp.Shared.csproj", "{6323B9D8-8EEF-4C62-9D61-9BDB23534A2E}"
EndProject
Global
	GlobalSection(SolutionConfigurationPlatforms) = preSolution
		Debug|Any CPU = Debug|Any CPU
		Release|Any CPU = Release|Any CPU
	EndGlobalSection
	GlobalSection(ProjectConfigurationPlatforms) = postSolution
		{AAC1585D-D3DE-41E9-A167-ECBBC3BAB83B}.Debug|Any CPU.ActiveCfg = Debug|Any CPU
		{AAC1585D-D3DE-41E9-A167-ECBBC3BAB83B}.Debug|Any CPU.Build.0 = Debug|Any CPU
		{AAC1585D-D3DE-41E9-A167-ECBBC3BAB83B}.Release|Any CPU.ActiveCfg = Release|Any CPU
		{AAC1585D-D3DE-41E9-A167-ECBBC3BAB83B}.Release|Any CPU.Build.0 = Release|Any CPU
		{744429E1-6269-499B-B2C6-F7D5F3F412F2}.Debug|Any CPU.ActiveCfg = Debug|Any CPU
		{744429E1-6269-499B-B2C6-F7D5F3F412F2}.Debug|Any CPU.Build.0 = Debug|Any CPU
		{744429E1-6269-499B-B2C6-F7D5F3F412F2}.Release|Any CPU.ActiveCfg = Release|Any CPU
		{744429E1-6269-499B-B2C6-F7D5F3F412F2}.Release|Any CPU.Build.0 = Release|Any CPU
		{6323B9D8-8EEF-4C62-9D61-9BDB23534A2E}.Debug|Any CPU.ActiveCfg = Debug|Any CPU
		{6323B9D8-8EEF-4C62-9D61-9BDB23534A2E}.Debug|Any CPU.Build.0 = Debug|Any CPU
		{6323B9D8-8EEF-4C62-9D61-9BDB23534A2E}.Release|Any CPU.ActiveCfg = Release|Any CPU
		{6323B9D8-8EEF-4C62-9D61-9BDB23534A2E}.Release|Any CPU.Build.0 = Release|Any CPU
	EndGlobalSection
	GlobalSection(SolutionProperties) = preSolution
		HideSolutionNode = FALSE
	EndGlobalSection
	GlobalSection(ExtensibilityGlobals) = postSolution
		SolutionGuid = {94C38185-7643-403B-B330-7304C8D7CFC3}
	EndGlobalSection
EndGlobal
